
Microsoft Visual Studio Solution File, Format Version 12.00
# Visual Studio 2013
VisualStudioVersion = 12.0.30110.0
MinimumVisualStudioVersion = 10.0.40219.1
Project("{FAE04EC0-301F-11D3-BF4B-00C04F79EFBC}") = "JPBetley.Foundry", "JPBetley.Foundry\JPBetley.Foundry.csproj", "{7398E78D-B662-4A25-8DF8-22857679E9A3}"
EndProject
Project("{FAE04EC0-301F-11D3-BF4B-00C04F79EFBC}") = "JPBetley.Foundry.Test", "JPBetley.Foundry.Test\JPBetley.Foundry.Test.csproj", "{FE9359EF-88DF-47D9-9C3A-A2A1C8ACB93D}"
EndProject
Global
	GlobalSection(SolutionConfigurationPlatforms) = preSolution
		Debug|Any CPU = Debug|Any CPU
		Release|Any CPU = Release|Any CPU
	EndGlobalSection
	GlobalSection(ProjectConfigurationPlatforms) = postSolution
		{7398E78D-B662-4A25-8DF8-22857679E9A3}.Debug|Any CPU.ActiveCfg = Debug|Any CPU
		{7398E78D-B662-4A25-8DF8-22857679E9A3}.Debug|Any CPU.Build.0 = Debug|Any CPU
		{7398E78D-B662-4A25-8DF8-22857679E9A3}.Release|Any CPU.ActiveCfg = Release|Any CPU
		{7398E78D-B662-4A25-8DF8-22857679E9A3}.Release|Any CPU.Build.0 = Release|Any CPU
		{FE9359EF-88DF-47D9-9C3A-A2A1C8ACB93D}.Debug|Any CPU.ActiveCfg = Debug|Any CPU
		{FE9359EF-88DF-47D9-9C3A-A2A1C8ACB93D}.Debug|Any CPU.Build.0 = Debug|Any CPU
		{FE9359EF-88DF-47D9-9C3A-A2A1C8ACB93D}.Release|Any CPU.ActiveCfg = Release|Any CPU
		{FE9359EF-88DF-47D9-9C3A-A2A1C8ACB93D}.Release|Any CPU.Build.0 = Release|Any CPU
	EndGlobalSection
	GlobalSection(SolutionProperties) = preSolution
		HideSolutionNode = FALSE
	EndGlobalSection
EndGlobal
